
Microsoft Visual Studio Solution File, Format Version 12.00
# Visual Studio Version 16
VisualStudioVersion = 16.0.29509.3
MinimumVisualStudioVersion = 10.0.40219.1
Project("{FAE04EC0-301F-11D3-BF4B-00C04F79EFBC}") = "W20_Servera1WebAPI", "W20_Servera1WebAPI\W20_Servera1WebAPI.csproj", "{5BF5D3F5-9DFB-4CE1-A499-5BAE903EDCE6}"
EndProject
Global
	GlobalSection(SolutionConfigurationPlatforms) = preSolution
		Debug|Any CPU = Debug|Any CPU
		Release|Any CPU = Release|Any CPU
	EndGlobalSection
	GlobalSection(ProjectConfigurationPlatforms) = postSolution
		{5BF5D3F5-9DFB-4CE1-A499-5BAE903EDCE6}.Debug|Any CPU.ActiveCfg = Debug|Any CPU
		{5BF5D3F5-9DFB-4CE1-A499-5BAE903EDCE6}.Debug|Any CPU.Build.0 = Debug|Any CPU
		{5BF5D3F5-9DFB-4CE1-A499-5BAE903EDCE6}.Release|Any CPU.ActiveCfg = Release|Any CPU
		{5BF5D3F5-9DFB-4CE1-A499-5BAE903EDCE6}.Release|Any CPU.Build.0 = Release|Any CPU
	EndGlobalSection
	GlobalSection(SolutionProperties) = preSolution
		HideSolutionNode = FALSE
	EndGlobalSection
	GlobalSection(ExtensibilityGlobals) = postSolution
		SolutionGuid = {37F1DFA1-E04C-49DF-AE76-556E15AB4F2A}
	EndGlobalSection
EndGlobal
